
Microsoft Visual Studio Solution File, Format Version 12.00
# Visual Studio 2013
VisualStudioVersion = 12.0.40629.0
MinimumVisualStudioVersion = 10.0.40219.1
Project("{B1E792BE-AA5F-4E3C-8C82-674BF9C0715B}") = "CEINMS_Twincat", "CEINMS_Twincat\CEINMS_Twincat.tsproj", "{072331F9-C373-4DAE-94F6-2930E7602072}"
EndProject
Global
	GlobalSection(SolutionConfigurationPlatforms) = preSolution
		Debug|TwinCAT CE7 (ARMV7) = Debug|TwinCAT CE7 (ARMV7)
		Debug|TwinCAT RT (x64) = Debug|TwinCAT RT (x64)
		Debug|TwinCAT RT (x86) = Debug|TwinCAT RT (x86)
		Debug|TwinCAT UM (x64) = Debug|TwinCAT UM (x64)
		Debug|TwinCAT UM (x86) = Debug|TwinCAT UM (x86)
		Release|TwinCAT CE7 (ARMV7) = Release|TwinCAT CE7 (ARMV7)
		Release|TwinCAT RT (x64) = Release|TwinCAT RT (x64)
		Release|TwinCAT RT (x86) = Release|TwinCAT RT (x86)
		Release|TwinCAT UM (x64) = Release|TwinCAT UM (x64)
		Release|TwinCAT UM (x86) = Release|TwinCAT UM (x86)
	EndGlobalSection
	GlobalSection(ProjectConfigurationPlatforms) = postSolution
		{072331F9-C373-4DAE-94F6-2930E7602072}.Debug|TwinCAT CE7 (ARMV7).ActiveCfg = Debug|TwinCAT CE7 (ARMV7)
		{072331F9-C373-4DAE-94F6-2930E7602072}.Debug|TwinCAT CE7 (ARMV7).Build.0 = Debug|TwinCAT CE7 (ARMV7)
		{072331F9-C373-4DAE-94F6-2930E7602072}.Debug|TwinCAT RT (x64).ActiveCfg = Debug|TwinCAT RT (x64)
		{072331F9-C373-4DAE-94F6-2930E7602072}.Debug|TwinCAT RT (x64).Build.0 = Debug|TwinCAT RT (x64)
		{072331F9-C373-4DAE-94F6-2930E7602072}.Debug|TwinCAT RT (x86).ActiveCfg = Debug|TwinCAT RT (x86)
		{072331F9-C373-4DAE-94F6-2930E7602072}.Debug|TwinCAT RT (x86).Build.0 = Debug|TwinCAT RT (x86)
		{072331F9-C373-4DAE-94F6-2930E7602072}.Debug|TwinCAT UM (x64).ActiveCfg = Debug|TwinCAT CE7 (ARMV7)
		{072331F9-C373-4DAE-94F6-2930E7602072}.Debug|TwinCAT UM (x86).ActiveCfg = Debug|TwinCAT CE7 (ARMV7)
		{072331F9-C373-4DAE-94F6-2930E7602072}.Release|TwinCAT CE7 (ARMV7).ActiveCfg = Release|TwinCAT CE7 (ARMV7)
		{072331F9-C373-4DAE-94F6-2930E7602072}.Release|TwinCAT CE7 (ARMV7).Build.0 = Release|TwinCAT CE7 (ARMV7)
		{072331F9-C373-4DAE-94F6-2930E7602072}.Release|TwinCAT RT (x64).ActiveCfg = Release|TwinCAT RT (x64)
		{072331F9-C373-4DAE-94F6-2930E7602072}.Release|TwinCAT RT (x64).Build.0 = Release|TwinCAT RT (x64)
		{072331F9-C373-4DAE-94F6-2930E7602072}.Release|TwinCAT RT (x86).ActiveCfg = Release|TwinCAT RT (x86)
		{072331F9-C373-4DAE-94F6-2930E7602072}.Release|TwinCAT RT (x86).Build.0 = Release|TwinCAT RT (x86)
		{072331F9-C373-4DAE-94F6-2930E7602072}.Release|TwinCAT UM (x64).ActiveCfg = Release|TwinCAT CE7 (ARMV7)
		{072331F9-C373-4DAE-94F6-2930E7602072}.Release|TwinCAT UM (x86).ActiveCfg = Release|TwinCAT CE7 (ARMV7)
		{5A4E2E9A-A5D3-4384-8A9A-015742D3EC9A}.Debug|TwinCAT CE7 (ARMV7).ActiveCfg = Debug|TwinCAT RT (x64)
		{5A4E2E9A-A5D3-4384-8A9A-015742D3EC9A}.Debug|TwinCAT RT (x64).ActiveCfg = Debug|TwinCAT RT (x64)
		{5A4E2E9A-A5D3-4384-8A9A-015742D3EC9A}.Debug|TwinCAT RT (x64).Build.0 = Debug|TwinCAT RT (x64)
		{5A4E2E9A-A5D3-4384-8A9A-015742D3EC9A}.Debug|TwinCAT RT (x86).ActiveCfg = Debug|TwinCAT RT (x86)
		{5A4E2E9A-A5D3-4384-8A9A-015742D3EC9A}.Debug|TwinCAT RT (x86).Build.0 = Debug|TwinCAT RT (x86)
		{5A4E2E9A-A5D3-4384-8A9A-015742D3EC9A}.Debug|TwinCAT UM (x64).ActiveCfg = Debug|TwinCAT UM (x64)
		{5A4E2E9A-A5D3-4384-8A9A-015742D3EC9A}.Debug|TwinCAT UM (x64).Build.0 = Debug|TwinCAT UM (x64)
		{5A4E2E9A-A5D3-4384-8A9A-015742D3EC9A}.Debug|TwinCAT UM (x86).ActiveCfg = Debug|TwinCAT UM (x86)
		{5A4E2E9A-A5D3-4384-8A9A-015742D3EC9A}.Debug|TwinCAT UM (x86).Build.0 = Debug|TwinCAT UM (x86)
		{5A4E2E9A-A5D3-4384-8A9A-015742D3EC9A}.Release|TwinCAT CE7 (ARMV7).ActiveCfg = Release|TwinCAT RT (x64)
		{5A4E2E9A-A5D3-4384-8A9A-015742D3EC9A}.Release|TwinCAT RT (x64).ActiveCfg = Release|TwinCAT RT (x64)
		{5A4E2E9A-A5D3-4384-8A9A-015742D3EC9A}.Release|TwinCAT RT (x64).Build.0 = Release|TwinCAT RT (x64)
		{5A4E2E9A-A5D3-4384-8A9A-015742D3EC9A}.Release|TwinCAT RT (x86).ActiveCfg = Release|TwinCAT RT (x86)
		{5A4E2E9A-A5D3-4384-8A9A-015742D3EC9A}.Release|TwinCAT RT (x86).Build.0 = Release|TwinCAT RT (x86)
		{5A4E2E9A-A5D3-4384-8A9A-015742D3EC9A}.Release|TwinCAT UM (x64).ActiveCfg = Release|TwinCAT UM (x64)
		{5A4E2E9A-A5D3-4384-8A9A-015742D3EC9A}.Release|TwinCAT UM (x64).Build.0 = Release|TwinCAT UM (x64)
		{5A4E2E9A-A5D3-4384-8A9A-015742D3EC9A}.Release|TwinCAT UM (x86).ActiveCfg = Release|TwinCAT UM (x86)
		{5A4E2E9A-A5D3-4384-8A9A-015742D3EC9A}.Release|TwinCAT UM (x86).Build.0 = Release|TwinCAT UM (x86)
	EndGlobalSection
	GlobalSection(SolutionProperties) = preSolution
		HideSolutionNode = FALSE
	EndGlobalSection
EndGlobal
